
Microsoft Visual Studio Solution File, Format Version 12.00
# Visual Studio Version 17
VisualStudioVersion = 17.14.37411.7 d17.14
MinimumVisualStudioVersion = 10.0.40219.1
Project("{8BC9CEB8-8B4A-11D0-8D11-00A0C91BC942}") = "StoreManager", "StoreManager\StoreManager.vcxproj", "{F3A46713-4853-4CB6-BE8E-19C7303EE3B1}"
EndProject
Project("{FAE04EC0-301F-11D3-BF4B-00C04F79EFBC}") = "API", "..\API\API.csproj", "{3B825327-BE3C-E3E9-9DBC-4E1DA6DB1907}"
EndProject
Project("{FAE04EC0-301F-11D3-BF4B-00C04F79EFBC}") = "Common", "..\Common\Common.csproj", "{9F0601AB-EA31-A20F-1B21-30C901BDC579}"
EndProject
Project("{FAE04EC0-301F-11D3-BF4B-00C04F79EFBC}") = "Entities", "..\Entities\Entities.csproj", "{968BCC52-A992-C035-E67E-050C7F1A82B5}"
EndProject
Project("{FAE04EC0-301F-11D3-BF4B-00C04F79EFBC}") = "Repositories", "..\Repositories\Repositories.csproj", "{BF11D6CF-7E84-FF99-C4CD-1A233C9CE99B}"
EndProject
Project("{FAE04EC0-301F-11D3-BF4B-00C04F79EFBC}") = "Services", "..\Services\Services.csproj", "{6383C15B-5AA6-14CC-E6DE-B8C238620A33}"
EndProject
Global
	GlobalSection(SolutionConfigurationPlatforms) = preSolution
		Debug|Any CPU = Debug|Any CPU
		Debug|x64 = Debug|x64
		Debug|x86 = Debug|x86
		Release|Any CPU = Release|Any CPU
		Release|x64 = Release|x64
		Release|x86 = Release|x86
	EndGlobalSection
	GlobalSection(ProjectConfigurationPlatforms) = postSolution
		{F3A46713-4853-4CB6-BE8E-19C7303EE3B1}.Debug|Any CPU.ActiveCfg = Debug|x64
		{F3A46713-4853-4CB6-BE8E-19C7303EE3B1}.Debug|Any CPU.Build.0 = Debug|x64
		{F3A46713-4853-4CB6-BE8E-19C7303EE3B1}.Debug|x64.ActiveCfg = Debug|x64
		{F3A46713-4853-4CB6-BE8E-19C7303EE3B1}.Debug|x64.Build.0 = Debug|x64
		{F3A46713-4853-4CB6-BE8E-19C7303EE3B1}.Debug|x86.ActiveCfg = Debug|Win32
		{F3A46713-4853-4CB6-BE8E-19C7303EE3B1}.Debug|x86.Build.0 = Debug|Win32
		{F3A46713-4853-4CB6-BE8E-19C7303EE3B1}.Release|Any CPU.ActiveCfg = Release|x64
		{F3A46713-4853-4CB6-BE8E-19C7303EE3B1}.Release|Any CPU.Build.0 = Release|x64
		{F3A46713-4853-4CB6-BE8E-19C7303EE3B1}.Release|x64.ActiveCfg = Release|x64
		{F3A46713-4853-4CB6-BE8E-19C7303EE3B1}.Release|x64.Build.0 = Release|x64
		{F3A46713-4853-4CB6-BE8E-19C7303EE3B1}.Release|x86.ActiveCfg = Release|Win32
		{F3A46713-4853-4CB6-BE8E-19C7303EE3B1}.Release|x86.Build.0 = Release|Win32
		{3B825327-BE3C-E3E9-9DBC-4E1DA6DB1907}.Debug|Any CPU.ActiveCfg = Debug|Any CPU
		{3B825327-BE3C-E3E9-9DBC-4E1DA6DB1907}.Debug|Any CPU.Build.0 = Debug|Any CPU
		{3B825327-BE3C-E3E9-9DBC-4E1DA6DB1907}.Debug|x64.ActiveCfg = Debug|Any CPU
		{3B825327-BE3C-E3E9-9DBC-4E1DA6DB1907}.Debug|x64.Build.0 = Debug|Any CPU
		{3B825327-BE3C-E3E9-9DBC-4E1DA6DB1907}.Debug|x86.ActiveCfg = Debug|Any CPU
		{3B825327-BE3C-E3E9-9DBC-4E1DA6DB1907}.Debug|x86.Build.0 = Debug|Any CPU
		{3B825327-BE3C-E3E9-9DBC-4E1DA6DB1907}.Release|Any CPU.ActiveCfg = Release|Any CPU
		{3B825327-BE3C-E3E9-9DBC-4E1DA6DB1907}.Release|Any CPU.Build.0 = Release|Any CPU
		{3B825327-BE3C-E3E9-9DBC-4E1DA6DB1907}.Release|x64.ActiveCfg = Release|Any CPU
		{3B825327-BE3C-E3E9-9DBC-4E1DA6DB1907}.Release|x64.Build.0 = Release|Any CPU
		{3B825327-BE3C-E3E9-9DBC-4E1DA6DB1907}.Release|x86.ActiveCfg = Release|Any CPU
		{3B825327-BE3C-E3E9-9DBC-4E1DA6DB1907}.Release|x86.Build.0 = Release|Any CPU
		{9F0601AB-EA31-A20F-1B21-30C901BDC579}.Debug|Any CPU.ActiveCfg = Debug|Any CPU
		{9F0601AB-EA31-A20F-1B21-30C901BDC579}.Debug|Any CPU.Build.0 = Debug|Any CPU
		{9F0601AB-EA31-A20F-1B21-30C901BDC579}.Debug|x64.ActiveCfg = Debug|Any CPU
		{9F0601AB-EA31-A20F-1B21-30C901BDC579}.Debug|x64.Build.0 = Debug|Any CPU
		{9F0601AB-EA31-A20F-1B21-30C901BDC579}.Debug|x86.ActiveCfg = Debug|Any CPU
		{9F0601AB-EA31-A20F-1B21-30C901BDC579}.Debug|x86.Build.0 = Debug|Any CPU
		{9F0601AB-EA31-A20F-1B21-30C901BDC579}.Release|Any CPU.ActiveCfg = Release|Any CPU
		{9F0601AB-EA31-A20F-1B21-30C901BDC579}.Release|Any CPU.Build.0 = Release|Any CPU
		{9F0601AB-EA31-A20F-1B21-30C901BDC579}.Release|x64.ActiveCfg = Release|Any CPU
		{9F0601AB-EA31-A20F-1B21-30C901BDC579}.Release|x64.Build.0 = Release|Any CPU
		{9F0601AB-EA31-A20F-1B21-30C901BDC579}.Release|x86.ActiveCfg = Release|Any CPU
		{9F0601AB-EA31-A20F-1B21-30C901BDC579}.Release|x86.Build.0 = Release|Any CPU
		{968BCC52-A992-C035-E67E-050C7F1A82B5}.Debug|Any CPU.ActiveCfg = Debug|Any CPU
		{968BCC52-A992-C035-E67E-050C7F1A82B5}.Debug|Any CPU.Build.0 = Debug|Any CPU
		{968BCC52-A992-C035-E67E-050C7F1A82B5}.Debug|x64.ActiveCfg = Debug|Any CPU
		{968BCC52-A992-C035-E67E-050C7F1A82B5}.Debug|x64.Build.0 = Debug|Any CPU
		{968BCC52-A992-C035-E67E-050C7F1A82B5}.Debug|x86.ActiveCfg = Debug|Any CPU
		{968BCC52-A992-C035-E67E-050C7F1A82B5}.Debug|x86.Build.0 = Debug|Any CPU
		{968BCC52-A992-C035-E67E-050C7F1A82B5}.Release|Any CPU.ActiveCfg = Release|Any CPU
		{968BCC52-A992-C035-E67E-050C7F1A82B5}.Release|Any CPU.Build.0 = Release|Any CPU
		{968BCC52-A992-C035-E67E-050C7F1A82B5}.Release|x64.ActiveCfg = Release|Any CPU
		{968BCC52-A992-C035-E67E-050C7F1A82B5}.Release|x64.Build.0 = Release|Any CPU
		{968BCC52-A992-C035-E67E-050C7F1A82B5}.Release|x86.ActiveCfg = Release|Any CPU
		{968BCC52-A992-C035-E67E-050C7F1A82B5}.Release|x86.Build.0 = Release|Any CPU
		{BF11D6CF-7E84-FF99-C4CD-1A233C9CE99B}.Debug|Any CPU.ActiveCfg = Debug|Any CPU
		{BF11D6CF-7E84-FF99-C4CD-1A233C9CE99B}.Debug|Any CPU.Build.0 = Debug|Any CPU
		{BF11D6CF-7E84-FF99-C4CD-1A233C9CE99B}.Debug|x64.ActiveCfg = Debug|Any CPU
		{BF11D6CF-7E84-FF99-C4CD-1A233C9CE99B}.Debug|x64.Build.0 = Debug|Any CPU
		{BF11D6CF-7E84-FF99-C4CD-1A233C9CE99B}.Debug|x86.ActiveCfg = Debug|Any CPU
		{BF11D6CF-7E84-FF99-C4CD-1A233C9CE99B}.Debug|x86.Build.0 = Debug|Any CPU
		{BF11D6CF-7E84-FF99-C4CD-1A233C9CE99B}.Release|Any CPU.ActiveCfg = Release|Any CPU
		{BF11D6CF-7E84-FF99-C4CD-1A233C9CE99B}.Release|Any CPU.Build.0 = Release|Any CPU
		{BF11D6CF-7E84-FF99-C4CD-1A233C9CE99B}.Release|x64.ActiveCfg = Release|Any CPU
		{BF11D6CF-7E84-FF99-C4CD-1A233C9CE99B}.Release|x64.Build.0 = Release|Any CPU
		{BF11D6CF-7E84-FF99-C4CD-1A233C9CE99B}.Release|x86.ActiveCfg = Release|Any CPU
		{BF11D6CF-7E84-FF99-C4CD-1A233C9CE99B}.Release|x86.Build.0 = Release|Any CPU
		{6383C15B-5AA6-14CC-E6DE-B8C238620A33}.Debug|Any CPU.ActiveCfg = Debug|Any CPU
		{6383C15B-5AA6-14CC-E6DE-B8C238620A33}.Debug|Any CPU.Build.0 = Debug|Any CPU
		{6383C15B-5AA6-14CC-E6DE-B8C238620A33}.Debug|x64.ActiveCfg = Debug|Any CPU
		{6383C15B-5AA6-14CC-E6DE-B8C238620A33}.Debug|x64.Build.0 = Debug|Any CPU
		{6383C15B-5AA6-14CC-E6DE-B8C238620A33}.Debug|x86.ActiveCfg = Debug|Any CPU
		{6383C15B-5AA6-14CC-E6DE-B8C238620A33}.Debug|x86.Build.0 = Debug|Any CPU
		{6383C15B-5AA6-14CC-E6DE-B8C238620A33}.Release|Any CPU.ActiveCfg = Release|Any CPU
		{6383C15B-5AA6-14CC-E6DE-B8C238620A33}.Release|Any CPU.Build.0 = Release|Any CPU
		{6383C15B-5AA6-14CC-E6DE-B8C238620A33}.Release|x64.ActiveCfg = Release|Any CPU
		{6383C15B-5AA6-14CC-E6DE-B8C238620A33}.Release|x64.Build.0 = Release|Any CPU
		{6383C15B-5AA6-14CC-E6DE-B8C238620A33}.Release|x86.ActiveCfg = Release|Any CPU
		{6383C15B-5AA6-14CC-E6DE-B8C238620A33}.Release|x86.Build.0 = Release|Any CPU
	EndGlobalSection
	GlobalSection(SolutionProperties) = preSolution
		HideSolutionNode = FALSE
	EndGlobalSection
	GlobalSection(ExtensibilityGlobals) = postSolution
		SolutionGuid = {F54C1C4F-9024-48F7-81DF-8F358DCF346A}
	EndGlobalSection
EndGlobal
